
Microsoft Visual Studio Solution File, Format Version 12.00
# Visual Studio Version 17
VisualStudioVersion = 17.0.31903.59
MinimumVisualStudioVersion = 10.0.40219.1
Project("{FAE04EC0-301F-11D3-BF4B-00C04F79EFBC}") = "ASP.Blog.MVC", "ASP.Blog.MVC\ASP.Blog.MVC.csproj", "{AED3B943-E697-45E2-8E75-DB8ECC7067C2}"
EndProject
Project("{FAE04EC0-301F-11D3-BF4B-00C04F79EFBC}") = "ASP.Blog.API", "ASP.Blog.API\ASP.Blog.API.csproj", "{D407F707-142D-47CC-8E4C-DA144ACCB122}"
EndProject
Global
	GlobalSection(SolutionConfigurationPlatforms) = preSolution
		Debug|Any CPU = Debug|Any CPU
		Debug|x64 = Debug|x64
		Debug|x86 = Debug|x86
		Release|Any CPU = Release|Any CPU
		Release|x64 = Release|x64
		Release|x86 = Release|x86
	EndGlobalSection
	GlobalSection(ProjectConfigurationPlatforms) = postSolution
		{AED3B943-E697-45E2-8E75-DB8ECC7067C2}.Debug|Any CPU.ActiveCfg = Debug|Any CPU
		{AED3B943-E697-45E2-8E75-DB8ECC7067C2}.Debug|Any CPU.Build.0 = Debug|Any CPU
		{AED3B943-E697-45E2-8E75-DB8ECC7067C2}.Debug|x64.ActiveCfg = Debug|Any CPU
		{AED3B943-E697-45E2-8E75-DB8ECC7067C2}.Debug|x64.Build.0 = Debug|Any CPU
		{AED3B943-E697-45E2-8E75-DB8ECC7067C2}.Debug|x86.ActiveCfg = Debug|Any CPU
		{AED3B943-E697-45E2-8E75-DB8ECC7067C2}.Debug|x86.Build.0 = Debug|Any CPU
		{AED3B943-E697-45E2-8E75-DB8ECC7067C2}.Release|Any CPU.ActiveCfg = Release|Any CPU
		{AED3B943-E697-45E2-8E75-DB8ECC7067C2}.Release|Any CPU.Build.0 = Release|Any CPU
		{AED3B943-E697-45E2-8E75-DB8ECC7067C2}.Release|x64.ActiveCfg = Release|Any CPU
		{AED3B943-E697-45E2-8E75-DB8ECC7067C2}.Release|x64.Build.0 = Release|Any CPU
		{AED3B943-E697-45E2-8E75-DB8ECC7067C2}.Release|x86.ActiveCfg = Release|Any CPU
		{AED3B943-E697-45E2-8E75-DB8ECC7067C2}.Release|x86.Build.0 = Release|Any CPU
		{D407F707-142D-47CC-8E4C-DA144ACCB122}.Debug|Any CPU.ActiveCfg = Debug|Any CPU
		{D407F707-142D-47CC-8E4C-DA144ACCB122}.Debug|Any CPU.Build.0 = Debug|Any CPU
		{D407F707-142D-47CC-8E4C-DA144ACCB122}.Debug|x64.ActiveCfg = Debug|Any CPU
		{D407F707-142D-47CC-8E4C-DA144ACCB122}.Debug|x64.Build.0 = Debug|Any CPU
		{D407F707-142D-47CC-8E4C-DA144ACCB122}.Debug|x86.ActiveCfg = Debug|Any CPU
		{D407F707-142D-47CC-8E4C-DA144ACCB122}.Debug|x86.Build.0 = Debug|Any CPU
		{D407F707-142D-47CC-8E4C-DA144ACCB122}.Release|Any CPU.ActiveCfg = Release|Any CPU
		{D407F707-142D-47CC-8E4C-DA144ACCB122}.Release|Any CPU.Build.0 = Release|Any CPU
		{D407F707-142D-47CC-8E4C-DA144ACCB122}.Release|x64.ActiveCfg = Release|Any CPU
		{D407F707-142D-47CC-8E4C-DA144ACCB122}.Release|x64.Build.0 = Release|Any CPU
		{D407F707-142D-47CC-8E4C-DA144ACCB122}.Release|x86.ActiveCfg = Release|Any CPU
		{D407F707-142D-47CC-8E4C-DA144ACCB122}.Release|x86.Build.0 = Release|Any CPU
	EndGlobalSection
	GlobalSection(SolutionProperties) = preSolution
		HideSolutionNode = FALSE
	EndGlobalSection
EndGlobal
